// !$*UTF8*$!
{
	archiveVersion = 1;
	classes = {
	};
	objectVersion = 46;
	objects = {

/* Begin PBXBuildFile section */
		C28C93BD1C47375000286BC3 /* main.m in Sources */ = {isa = PBXBuildFile; fileRef = C28C93BC1C47375000286BC3 /* main.m */; };
		C28C93C01C47375000286BC3 /* AppDelegate.m in Sources */ = {isa = PBXBuildFile; fileRef = C28C93BF1C47375000286BC3 /* AppDelegate.m */; };
		C28C93C31C47375000286BC3 /* ViewController.m in Sources */ = {isa = PBXBuildFile; fileRef = C28C93C21C47375000286BC3 /* ViewController.m */; };
		C28C93C61C47375000286BC3 /* Main.storyboard in Resources */ = {isa = PBXBuildFile; fileRef = C28C93C41C47375000286BC3 /* Main.storyboard */; };
		C28C93C81C47375000286BC3 /* Assets.xcassets in Resources */ = {isa = PBXBuildFile; fileRef = C28C93C71C47375000286BC3 /* Assets.xcassets */; };
		C28C93CB1C47375000286BC3 /* LaunchScreen.storyboard in Resources */ = {isa = PBXBuildFile; fileRef = C28C93C91C47375000286BC3 /* LaunchScreen.storyboard */; };
/* End PBXBuildFile section */

/* Begin PBXFileReference section */
		C28C93B81C47375000286BC3 /* TestForGitHub.app */ = {isa = PBXFileReference; explicitFileType = wrapper.application; includeInIndex = 0; path = TestForGitHub.app; sourceTree = BUILT_PRODUCTS_DIR; };
		C28C93BC1C47375000286BC3 /* main.m */ = {isa = PBXFileReference; lastKnownFileType = sourcecode.c.objc; path = main.m; sourceTree = "<group>"; };
		C28C93BE1C47375000286BC3 /* AppDelegate.h */ = {isa = PBXFileReference; lastKnownFileType = sourcecode.c.h; path = AppDelegate.h; sourceTree = "<group>"; };
		C28C93BF1C47375000286BC3 /* AppDelegate.m */ = {isa = PBXFileReference; lastKnownFileType = sourcecode.c.objc; path = AppDelegate.m; sourceTree = "<group>"; };
		C28C93C11C47375000286BC3 /* ViewController.h */ = {isa = PBXFileReference; lastKnownFileType = sourcecode.c.h; path = ViewController.h; sourceTree = "<group>"; };
		C28C93C21C47375000286BC3 /* ViewController.m */ = {isa = PBXFileReference; lastKnownFileType = sourcecode.c.objc; path = ViewController.m; sourceTree = "<group>"; };
		C28C93C51C47375000286BC3 /* Base */ = {isa = PBXFileReference; lastKnownFileType = file.storyboard; name = Base; path = Base.lproj/Main.storyboard; sourceTree = "<group>"; };
		C28C93C71C47375000286BC3 /* Assets.xcassets */ = {isa = PBXFileReference; lastKnownFileType = folder.assetcatalog; path = Assets.xcassets; sourceTree = "<group>"; };
		C28C93CA1C47375000286BC3 /* Base */ = {isa = PBXFileReference; lastKnownFileType = file.storyboard; name = Base; path = Base.lproj/LaunchScreen.storyboard; sourceTree = "<group>"; };
		C28C93CC1C47375000286BC3 /* Info.plist */ = {isa = PBXFileReference; lastKnownFileType = text.plist.xml; path = Info.plist; sourceTree = "<group>"; };
/* End PBXFileReference section */

/* Begin PBXFrameworksBuildPhase section */
		C28C93B51C47375000286BC3 /* Frameworks */ = {
			isa = PBXFrameworksBuildPhase;
			buildActionMask = 2147483647;
			files = (
			);
			runOnlyForDeploymentPostprocessing = 0;
		};
/* End PBXFrameworksBuildPhase section */

/* Begin PBXGroup section */
		C28C93AF1C47375000286BC3 = {
			isa = PBXGroup;
			children = (
				C28C93BA1C47375000286BC3 /* TestForGitHub */,
				C28C93B91C47375000286BC3 /* Products */,
			);
			sourceTree = "<group>";
		};
		C28C93B91C47375000286BC3 /* Products */ = {
			isa = PBXGroup;
			children = (
				C28C93B81C47375000286BC3 /* TestForGitHub.app */,
			);
			name = Products;
			sourceTree = "<group>";
		};
		C28C93BA1C47375000286BC3 /* TestForGitHub */ = {
			isa = PBXGroup;
			children = (
				C28C93BE1C47375000286BC3 /* AppDelegate.h */,
				C28C93BF1C47375000286BC3 /* AppDelegate.m */,
				C28C93C11C47375000286BC3 /* ViewController.h */,
				C28C93C21C47375000286BC3 /* ViewController.m */,
				C28C93C41C47375000286BC3 /* Main.storyboard */,
				C28C93C71C47375000286BC3 /* Assets.xcassets */,
				C28C93C91C47375000286BC3 /* LaunchScreen.storyboard */,
				C28C93CC1C47375000286BC3 /* Info.plist */,
				C28C93BB1C47375000286BC3 /* Supporting Files */,
			);
			path = TestForGitHub;
			sourceTree = "<group>";
		};
		C28C93BB1C47375000286BC3 /* Supporting Files */ = {
			isa = PBXGroup;
			children = (
				C28C93BC1C47375000286BC3 /* main.m */,
			);
			name = "Supporting Files";
			sourceTree = "<group>";
		};
/* End PBXGroup section */

/* Begin PBXNativeTarget section */
		C28C93B71C47375000286BC3 /* TestForGitHub */ = {
			isa = PBXNativeTarget;
			buildConfigurationList = C28C93CF1C47375000286BC3 /* Build configuration list for PBXNativeTarget "TestForGitHub" */;
			buildPhases = (
				C28C93B41C47375000286BC3 /* Sources */,
				C28C93B51C47375000286BC3 /* Frameworks */,
				C28C93B61C47375000286BC3 /* Resources */,
			);
			buildRules = (
			);
			dependencies = (
			);
			name = TestForGitHub;
			productName = TestForGitHub;
			productReference = C28C93B81C47375000286BC3 /* TestForGitHub.app */;
			productType = "com.apple.product-type.application";
		};
/* End PBXNativeTarget section */

/* Begin PBXProject section */
		C28C93B01C47375000286BC3 /* Project object */ = {
			isa = PBXProject;
			attributes = {
				LastUpgradeCheck = 0700;
				ORGANIZATIONNAME = "周洪庆";
				TargetAttributes = {
					C28C93B71C47375000286BC3 = {
						CreatedOnToolsVersion = 7.0;
					};
				};
			};
			buildConfigurationList = C28C93B31C47375000286BC3 /* Build configuration list for PBXProject "TestForGitHub" */;
			compatibilityVersion = "Xcode 3.2";
			developmentRegion = English;
			hasScannedForEncodings = 0;
			knownRegions = (
				en,
				Base,
			);
			mainGroup = C28C93AF1C47375000286BC3;
			productRefGroup = C28C93B91C47375000286BC3 /* Products */;
			projectDirPath = "";
			projectRoot = "";
			targets = (
				C28C93B71C47375000286BC3 /* TestForGitHub */,
			);
		};
/* End PBXProject section */

/* Begin PBXResourcesBuildPhase section */
		C28C93B61C47375000286BC3 /* Resources */ = {
			isa = PBXResourcesBuildPhase;
			buildActionMask = 2147483647;
			files = (
				C28C93CB1C47375000286BC3 /* LaunchScreen.storyboard in Resources */,
				C28C93C81C47375000286BC3 /* Assets.xcassets in Resources */,
				C28C93C61C47375000286BC3 /* Main.storyboard in Resources */,
			);
			runOnlyForDeploymentPostprocessing = 0;
		};
/* End PBXResourcesBuildPhase section */

/* Begin PBXSourcesBuildPhase section */
		C28C93B41C47375000286BC3 /* Sources */ = {
			isa = PBXSourcesBuildPhase;
			buildActionMask = 2147483647;
			files = (
				C28C93C31C47375000286BC3 /* ViewController.m in Sources */,
				C28C93C01C47375000286BC3 /* AppDelegate.m in Sources */,
				C28C93BD1C47375000286BC3 /* main.m in Sources */,
			);
			runOnlyForDeploymentPostprocessing = 0;
		};
/* End PBXSourcesBuildPhase section */

/* Begin PBXVariantGroup section */
		C28C93C41C47375000286BC3 /* Main.storyboard */ = {
			isa = PBXVariantGroup;
			children = (
				C28C93C51C47375000286BC3 /* Base */,
			);
			name = Main.storyboard;
			sourceTree = "<group>";
		};
		C28C93C91C47375000286BC3 /* LaunchScreen.storyboard */ = {
			isa = PBXVariantGroup;
			children = (
				C28C93CA1C47375000286BC3 /* Base */,
			);
			name = LaunchScreen.storyboard;
			sourceTree = "<group>";
		};
/* End PBXVariantGroup section */

/* Begin XCBuildConfiguration section */
		C28C93CD1C47375000286BC3 /* Debug */ = {
			isa = XCBuildConfiguration;
			buildSettings = {
				ALWAYS_SEARCH_USER_PATHS = NO;
				CLANG_CXX_LANGUAGE_STANDARD = "gnu++0x";
				CLANG_CXX_LIBRARY = "libc++";
				CLANG_ENABLE_MODULES = YES;
				CLANG_ENABLE_OBJC_ARC = YES;
				CLANG_WARN_BOOL_CONVERSION = YES;
				CLANG_WARN_CONSTANT_CONVERSION = YES;
				CLANG_WARN_DIRECT_OBJC_ISA_USAGE = YES_ERROR;
				CLANG_WARN_EMPTY_BODY = YES;
				CLANG_WARN_ENUM_CONVERSION = YES;
				CLANG_WARN_INT_CONVERSION = YES;
				CLANG_WARN_OBJC_ROOT_CLASS = YES_ERROR;
				CLANG_WARN_UNREACHABLE_CODE = YES;
				CLANG_WARN__DUPLICATE_METHOD_MATCH = YES;
				"CODE_SIGN_IDENTITY[sdk=iphoneos*]" = "iPhone Developer";
				COPY_PHASE_STRIP = NO;
				DEBUG_INFORMATION_FORMAT = dwarf;
				ENABLE_STRICT_OBJC_MSGSEND = YES;
				ENABLE_TESTABILITY = YES;
				GCC_C_LANGUAGE_STANDARD = gnu99;
				GCC_DYNAMIC_NO_PIC = NO;
				GCC_NO_COMMON_BLOCKS = YES;
				GCC_OPTIMIZATION_LEVEL = 0;
				GCC_PREPROCESSOR_DEFINITIONS = (
					"DEBUG=1",
					"$(inherited)",
				);
				GCC_WARN_64_TO_32_BIT_CONVERSION = YES;
				GCC_WARN_ABOUT_RETURN_TYPE = YES_ERROR;
				GCC_WARN_UNDECLARED_SELECTOR = YES;
				GCC_WARN_UNINITIALIZED_AUTOS = YES_AGGRESSIVE;
				GCC_WARN_UNUSED_FUNCTION = YES;
				GCC_WARN_UNUSED_VARIABLE = YES;
				IPHONEOS_DEPLOYMENT_TARGET = 9.0;
				MTL_ENABLE_DEBUG_INFO = YES;
				ONLY_ACTIVE_ARCH = YES;
				SDKROOT = iphoneos;
				TARGETED_DEVICE_FAMILY = "1,2";
			};
			name = Debug;
		};
		C28C93CE1C47375000286BC3 /* Release */ = {
			isa = XCBuildConfiguration;
			buildSettings = {
				ALWAYS_SEARCH_USER_PATHS = NO;
				CLANG_CXX_LANGUAGE_STANDARD = "gnu++0x";
				CLANG_CXX_LIBRARY = "libc++";
				CLANG_ENABLE_MODULES = YES;
				CLANG_ENABLE_OBJC_ARC = YES;
				CLANG_WARN_BOOL_CONVERSION = YES;
				CLANG_WARN_CONSTANT_CONVERSION = YES;
				CLANG_WARN_DIRECT_OBJC_ISA_USAGE = YES_ERROR;
				CLANG_WARN_EMPTY_BODY = YES;
				CLANG_WARN_ENUM_CONVERSION = YES;
				CLANG_WARN_INT_CONVERSION = YES;
				CLANG_WARN_OBJC_ROOT_CLASS = YES_ERROR;
				CLANG_WARN_UNREACHABLE_CODE = YES;
				CLANG_WARN__DUPLICATE_METHOD_MATCH = YES;
				"CODE_SIGN_IDENTITY[sdk=iphoneos*]" = "iPhone Developer";
				COPY_PHASE_STRIP = NO;
				DEBUG_INFORMATION_FORMAT = "dwarf-with-dsym";
				ENABLE_NS_ASSERTIONS = NO;
				ENABLE_STRICT_OBJC_MSGSEND = YES;
				GCC_C_LANGUAGE_STANDARD = gnu99;
				GCC_NO_COMMON_BLOCKS = YES;
				GCC_WARN_64_TO_32_BIT_CONVERSION = YES;
				GCC_WARN_ABOUT_RETURN_TYPE = YES_ERROR;
				GCC_WARN_UNDECLARED_SELECTOR = YES;
				GCC_WARN_UNINITIALIZED_AUTOS = YES_AGGRESSIVE;
				GCC_WARN_UNUSED_FUNCTION = YES;
				GCC_WARN_UNUSED_VARIABLE = YES;
				IPHONEOS_DEPLOYMENT_TARGET = 9.0;
				MTL_ENABLE_DEBUG_INFO = NO;
				SDKROOT = iphoneos;
				TARGETED_DEVICE_FAMILY = "1,2";
				VALIDATE_PRODUCT = YES;
			};
			name = Release;
		};
		C28C93D01C47375000286BC3 /* Debug */ = {
			isa = XCBuildConfiguration;
			buildSettings = {
				ASSETCATALOG_COMPILER_APPICON_NAME = AppIcon;
				INFOPLIST_FILE = TestForGitHub/Info.plist;
				LD_RUNPATH_SEARCH_PATHS = "$(inherited) @executable_path/Frameworks";
				PRODUCT_BUNDLE_IDENTIFIER = com.lanou3g.TestForGitHub;
				PRODUCT_NAME = "$(TARGET_NAME)";
			};
			name = Debug;
		};
		C28C93D11C47375000286BC3 /* Release */ = {
			isa = XCBuildConfiguration;
			buildSettings = {
				ASSETCATALOG_COMPILER_APPICON_NAME = AppIcon;
				INFOPLIST_FILE = TestForGitHub/Info.plist;
				LD_RUNPATH_SEARCH_PATHS = "$(inherited) @executable_path/Frameworks";
				PRODUCT_BUNDLE_IDENTIFIER = com.lanou3g.TestForGitHub;
				PRODUCT_NAME = "$(TARGET_NAME)";
			};
			name = Release;
		};
/* End XCBuildConfiguration section */

/* Begin XCConfigurationList section */
		C28C93B31C47375000286BC3 /* Build configuration list for PBXProject "TestForGitHub" */ = {
			isa = XCConfigurationList;
			buildConfigurations = (
				C28C93CD1C47375000286BC3 /* Debug */,
				C28C93CE1C47375000286BC3 /* Release */,
			);
			defaultConfigurationIsVisible = 0;
			defaultConfigurationName = Release;
		};
		C28C93CF1C47375000286BC3 /* Build configuration list for PBXNativeTarget "TestForGitHub" */ = {
			isa = XCConfigurationList;
			buildConfigurations = (
				C28C93D01C47375000286BC3 /* Debug */,
				C28C93D11C47375000286BC3 /* Release */,
			);
			defaultConfigurationIsVisible = 0;
		};
/* End XCConfigurationList section */
	};
	rootObject = C28C93B01C47375000286BC3 /* Project object */;
}
